
Microsoft Visual Studio Solution File, Format Version 12.00
# Visual Studio Version 17
VisualStudioVersion = 17.9.34728.123
MinimumVisualStudioVersion = 10.0.40219.1
Project("{FAE04EC0-301F-11D3-BF4B-00C04F79EFBC}") = "Calcoolator", "Calcoolator\Calcoolator.csproj", "{3609983A-C20F-4546-9E24-2D1A78731C22}"
EndProject
Global
	GlobalSection(SolutionConfigurationPlatforms) = preSolution
		Debug|Any CPU = Debug|Any CPU
		Release|Any CPU = Release|Any CPU
	EndGlobalSection
	GlobalSection(ProjectConfigurationPlatforms) = postSolution
		{3609983A-C20F-4546-9E24-2D1A78731C22}.Debug|Any CPU.ActiveCfg = Debug|Any CPU
		{3609983A-C20F-4546-9E24-2D1A78731C22}.Debug|Any CPU.Build.0 = Debug|Any CPU
		{3609983A-C20F-4546-9E24-2D1A78731C22}.Release|Any CPU.ActiveCfg = Release|Any CPU
		{3609983A-C20F-4546-9E24-2D1A78731C22}.Release|Any CPU.Build.0 = Release|Any CPU
	EndGlobalSection
	GlobalSection(SolutionProperties) = preSolution
		HideSolutionNode = FALSE
	EndGlobalSection
	GlobalSection(ExtensibilityGlobals) = postSolution
		SolutionGuid = {5BE8B7C5-DACE-4BEE-9793-8696041FB842}
	EndGlobalSection
EndGlobal
